
Microsoft Visual Studio Solution File, Format Version 12.00
# Visual Studio 15
VisualStudioVersion = 15.0.28307.1684
MinimumVisualStudioVersion = 10.0.40219.1
Project("{8BC9CEB8-8B4A-11D0-8D11-00A0C91BC942}") = "Ch6_Lab2", "Ch6_Lab2\Ch6_Lab2.vcxproj", "{25730D8F-8034-4D51-A23B-2E966D94FD46}"
EndProject
Global
	GlobalSection(SolutionConfigurationPlatforms) = preSolution
		Debug|x64 = Debug|x64
		Debug|x86 = Debug|x86
		Release|x64 = Release|x64
		Release|x86 = Release|x86
	EndGlobalSection
	GlobalSection(ProjectConfigurationPlatforms) = postSolution
		{25730D8F-8034-4D51-A23B-2E966D94FD46}.Debug|x64.ActiveCfg = Debug|x64
		{25730D8F-8034-4D51-A23B-2E966D94FD46}.Debug|x64.Build.0 = Debug|x64
		{25730D8F-8034-4D51-A23B-2E966D94FD46}.Debug|x86.ActiveCfg = Debug|Win32
		{25730D8F-8034-4D51-A23B-2E966D94FD46}.Debug|x86.Build.0 = Debug|Win32
		{25730D8F-8034-4D51-A23B-2E966D94FD46}.Release|x64.ActiveCfg = Release|x64
		{25730D8F-8034-4D51-A23B-2E966D94FD46}.Release|x64.Build.0 = Release|x64
		{25730D8F-8034-4D51-A23B-2E966D94FD46}.Release|x86.ActiveCfg = Release|Win32
		{25730D8F-8034-4D51-A23B-2E966D94FD46}.Release|x86.Build.0 = Release|Win32
	EndGlobalSection
	GlobalSection(SolutionProperties) = preSolution
		HideSolutionNode = FALSE
	EndGlobalSection
	GlobalSection(ExtensibilityGlobals) = postSolution
		SolutionGuid = {8F48ED35-0DF8-4832-A3E9-CEC2B485E65F}
	EndGlobalSection
EndGlobal
