
Microsoft Visual Studio Solution File, Format Version 12.00
# Visual Studio 15
VisualStudioVersion = 15.0.28307.1684
MinimumVisualStudioVersion = 10.0.40219.1
Project("{8BC9CEB8-8B4A-11D0-8D11-00A0C91BC942}") = "Ch7_Lab2", "Ch7_Lab2\Ch7_Lab2.vcxproj", "{19BAC905-0D63-4EC7-8E57-3E508482E88F}"
EndProject
Global
	GlobalSection(SolutionConfigurationPlatforms) = preSolution
		Debug|x64 = Debug|x64
		Debug|x86 = Debug|x86
		Release|x64 = Release|x64
		Release|x86 = Release|x86
	EndGlobalSection
	GlobalSection(ProjectConfigurationPlatforms) = postSolution
		{19BAC905-0D63-4EC7-8E57-3E508482E88F}.Debug|x64.ActiveCfg = Debug|x64
		{19BAC905-0D63-4EC7-8E57-3E508482E88F}.Debug|x64.Build.0 = Debug|x64
		{19BAC905-0D63-4EC7-8E57-3E508482E88F}.Debug|x86.ActiveCfg = Debug|Win32
		{19BAC905-0D63-4EC7-8E57-3E508482E88F}.Debug|x86.Build.0 = Debug|Win32
		{19BAC905-0D63-4EC7-8E57-3E508482E88F}.Release|x64.ActiveCfg = Release|x64
		{19BAC905-0D63-4EC7-8E57-3E508482E88F}.Release|x64.Build.0 = Release|x64
		{19BAC905-0D63-4EC7-8E57-3E508482E88F}.Release|x86.ActiveCfg = Release|Win32
		{19BAC905-0D63-4EC7-8E57-3E508482E88F}.Release|x86.Build.0 = Release|Win32
	EndGlobalSection
	GlobalSection(SolutionProperties) = preSolution
		HideSolutionNode = FALSE
	EndGlobalSection
	GlobalSection(ExtensibilityGlobals) = postSolution
		SolutionGuid = {9262CD69-7D47-4DB2-8C15-B59FE541B28A}
	EndGlobalSection
EndGlobal
